// !$*UTF8*$!
{
	archiveVersion = 1;
	classes = {
	};
	objectVersion = 50;
	objects = {

/* Begin PBXBuildFile section */
		772D022D5C7C81015A64764D /* libPods-PSColumn.a in Frameworks */ = {isa = PBXBuildFile; fileRef = 36A754F639AB656F9876FD14 /* libPods-PSColumn.a */; };
		8C689FC224EBBD0700DC0DE3 /* AppDelegate.swift in Sources */ = {isa = PBXBuildFile; fileRef = 8C689FC124EBBD0700DC0DE3 /* AppDelegate.swift */; };
		8C689FC424EBBD0700DC0DE3 /* SceneDelegate.swift in Sources */ = {isa = PBXBuildFile; fileRef = 8C689FC324EBBD0700DC0DE3 /* SceneDelegate.swift */; };
		8C689FC624EBBD0700DC0DE3 /* ViewController.swift in Sources */ = {isa = PBXBuildFile; fileRef = 8C689FC524EBBD0700DC0DE3 /* ViewController.swift */; };
		8C689FC924EBBD0700DC0DE3 /* Main.storyboard in Resources */ = {isa = PBXBuildFile; fileRef = 8C689FC724EBBD0700DC0DE3 /* Main.storyboard */; };
		8C689FCB24EBBD0A00DC0DE3 /* Assets.xcassets in Resources */ = {isa = PBXBuildFile; fileRef = 8C689FCA24EBBD0A00DC0DE3 /* Assets.xcassets */; };
		8C689FCE24EBBD0A00DC0DE3 /* LaunchScreen.storyboard in Resources */ = {isa = PBXBuildFile; fileRef = 8C689FCC24EBBD0A00DC0DE3 /* LaunchScreen.storyboard */; };
/* End PBXBuildFile section */

/* Begin PBXFileReference section */
		1601A309BF588BF34311B37C /* Pods-PSColumn.release.xcconfig */ = {isa = PBXFileReference; includeInIndex = 1; lastKnownFileType = text.xcconfig; name = "Pods-PSColumn.release.xcconfig"; path = "Target Support Files/Pods-PSColumn/Pods-PSColumn.release.xcconfig"; sourceTree = "<group>"; };
		36A754F639AB656F9876FD14 /* libPods-PSColumn.a */ = {isa = PBXFileReference; explicitFileType = archive.ar; includeInIndex = 0; path = "libPods-PSColumn.a"; sourceTree = BUILT_PRODUCTS_DIR; };
		8C689FBE24EBBD0700DC0DE3 /* PSColumn.app */ = {isa = PBXFileReference; explicitFileType = wrapper.application; includeInIndex = 0; path = PSColumn.app; sourceTree = BUILT_PRODUCTS_DIR; };
		8C689FC124EBBD0700DC0DE3 /* AppDelegate.swift */ = {isa = PBXFileReference; lastKnownFileType = sourcecode.swift; path = AppDelegate.swift; sourceTree = "<group>"; };
		8C689FC324EBBD0700DC0DE3 /* SceneDelegate.swift */ = {isa = PBXFileReference; lastKnownFileType = sourcecode.swift; path = SceneDelegate.swift; sourceTree = "<group>"; };
		8C689FC524EBBD0700DC0DE3 /* ViewController.swift */ = {isa = PBXFileReference; lastKnownFileType = sourcecode.swift; path = ViewController.swift; sourceTree = "<group>"; };
		8C689FC824EBBD0700DC0DE3 /* Base */ = {isa = PBXFileReference; lastKnownFileType = file.storyboard; name = Base; path = Base.lproj/Main.storyboard; sourceTree = "<group>"; };
		8C689FCA24EBBD0A00DC0DE3 /* Assets.xcassets */ = {isa = PBXFileReference; lastKnownFileType = folder.assetcatalog; path = Assets.xcassets; sourceTree = "<group>"; };
		8C689FCD24EBBD0A00DC0DE3 /* Base */ = {isa = PBXFileReference; lastKnownFileType = file.storyboard; name = Base; path = Base.lproj/LaunchScreen.storyboard; sourceTree = "<group>"; };
		8C689FCF24EBBD0A00DC0DE3 /* Info.plist */ = {isa = PBXFileReference; lastKnownFileType = text.plist.xml; path = Info.plist; sourceTree = "<group>"; };
		A79BE6F0E99347DA6754FB3C /* Pods-PSColumn.debug.xcconfig */ = {isa = PBXFileReference; includeInIndex = 1; lastKnownFileType = text.xcconfig; name = "Pods-PSColumn.debug.xcconfig"; path = "Target Support Files/Pods-PSColumn/Pods-PSColumn.debug.xcconfig"; sourceTree = "<group>"; };
/* End PBXFileReference section */

/* Begin PBXFrameworksBuildPhase section */
		8C689FBB24EBBD0700DC0DE3 /* Frameworks */ = {
			isa = PBXFrameworksBuildPhase;
			buildActionMask = 2147483647;
			files = (
				772D022D5C7C81015A64764D /* libPods-PSColumn.a in Frameworks */,
			);
			runOnlyForDeploymentPostprocessing = 0;
		};
/* End PBXFrameworksBuildPhase section */

/* Begin PBXGroup section */
		32D6923A9DA591349C55E124 /* Pods */ = {
			isa = PBXGroup;
			children = (
				A79BE6F0E99347DA6754FB3C /* Pods-PSColumn.debug.xcconfig */,
				1601A309BF588BF34311B37C /* Pods-PSColumn.release.xcconfig */,
			);
			path = Pods;
			sourceTree = "<group>";
		};
		7E489CF0EC909D6073BF96C2 /* Frameworks */ = {
			isa = PBXGroup;
			children = (
				36A754F639AB656F9876FD14 /* libPods-PSColumn.a */,
			);
			name = Frameworks;
			sourceTree = "<group>";
		};
		8C689FB524EBBD0700DC0DE3 = {
			isa = PBXGroup;
			children = (
				8C689FC024EBBD0700DC0DE3 /* PSColumn */,
				8C689FBF24EBBD0700DC0DE3 /* Products */,
				32D6923A9DA591349C55E124 /* Pods */,
				7E489CF0EC909D6073BF96C2 /* Frameworks */,
			);
			sourceTree = "<group>";
		};
		8C689FBF24EBBD0700DC0DE3 /* Products */ = {
			isa = PBXGroup;
			children = (
				8C689FBE24EBBD0700DC0DE3 /* PSColumn.app */,
			);
			name = Products;
			sourceTree = "<group>";
		};
		8C689FC024EBBD0700DC0DE3 /* PSColumn */ = {
			isa = PBXGroup;
			children = (
				8C689FC124EBBD0700DC0DE3 /* AppDelegate.swift */,
				8C689FC324EBBD0700DC0DE3 /* SceneDelegate.swift */,
				8C689FC524EBBD0700DC0DE3 /* ViewController.swift */,
				8C689FC724EBBD0700DC0DE3 /* Main.storyboard */,
				8C689FCA24EBBD0A00DC0DE3 /* Assets.xcassets */,
				8C689FCC24EBBD0A00DC0DE3 /* LaunchScreen.storyboard */,
				8C689FCF24EBBD0A00DC0DE3 /* Info.plist */,
			);
			path = PSColumn;
			sourceTree = "<group>";
		};
/* End PBXGroup section */

/* Begin PBXNativeTarget section */
		8C689FBD24EBBD0700DC0DE3 /* PSColumn */ = {
			isa = PBXNativeTarget;
			buildConfigurationList = 8C689FD224EBBD0A00DC0DE3 /* Build configuration list for PBXNativeTarget "PSColumn" */;
			buildPhases = (
				244D6949A155D8F9AEA55529 /* [CP] Check Pods Manifest.lock */,
				8C689FBA24EBBD0700DC0DE3 /* Sources */,
				8C689FBB24EBBD0700DC0DE3 /* Frameworks */,
				8C689FBC24EBBD0700DC0DE3 /* Resources */,
			);
			buildRules = (
			);
			dependencies = (
			);
			name = PSColumn;
			productName = PSColumn;
			productReference = 8C689FBE24EBBD0700DC0DE3 /* PSColumn.app */;
			productType = "com.apple.product-type.application";
		};
/* End PBXNativeTarget section */

/* Begin PBXProject section */
		8C689FB624EBBD0700DC0DE3 /* Project object */ = {
			isa = PBXProject;
			attributes = {
				LastSwiftUpdateCheck = 1160;
				LastUpgradeCheck = 1160;
				ORGANIZATIONNAME = swx;
				TargetAttributes = {
					8C689FBD24EBBD0700DC0DE3 = {
						CreatedOnToolsVersion = 11.6;
					};
				};
			};
			buildConfigurationList = 8C689FB924EBBD0700DC0DE3 /* Build configuration list for PBXProject "PSColumn" */;
			compatibilityVersion = "Xcode 9.3";
			developmentRegion = en;
			hasScannedForEncodings = 0;
			knownRegions = (
				en,
				Base,
			);
			mainGroup = 8C689FB524EBBD0700DC0DE3;
			productRefGroup = 8C689FBF24EBBD0700DC0DE3 /* Products */;
			projectDirPath = "";
			projectRoot = "";
			targets = (
				8C689FBD24EBBD0700DC0DE3 /* PSColumn */,
			);
		};
/* End PBXProject section */

/* Begin PBXResourcesBuildPhase section */
		8C689FBC24EBBD0700DC0DE3 /* Resources */ = {
			isa = PBXResourcesBuildPhase;
			buildActionMask = 2147483647;
			files = (
				8C689FCE24EBBD0A00DC0DE3 /* LaunchScreen.storyboard in Resources */,
				8C689FCB24EBBD0A00DC0DE3 /* Assets.xcassets in Resources */,
				8C689FC924EBBD0700DC0DE3 /* Main.storyboard in Resources */,
			);
			runOnlyForDeploymentPostprocessing = 0;
		};
/* End PBXResourcesBuildPhase section */

/* Begin PBXShellScriptBuildPhase section */
		244D6949A155D8F9AEA55529 /* [CP] Check Pods Manifest.lock */ = {
			isa = PBXShellScriptBuildPhase;
			buildActionMask = 2147483647;
			files = (
			);
			inputFileListPaths = (
			);
			inputPaths = (
				"${PODS_PODFILE_DIR_PATH}/Podfile.lock",
				"${PODS_ROOT}/Manifest.lock",
			);
			name = "[CP] Check Pods Manifest.lock";
			outputFileListPaths = (
			);
			outputPaths = (
				"$(DERIVED_FILE_DIR)/Pods-PSColumn-checkManifestLockResult.txt",
			);
			runOnlyForDeploymentPostprocessing = 0;
			shellPath = /bin/sh;
			shellScript = "diff \"${PODS_PODFILE_DIR_PATH}/Podfile.lock\" \"${PODS_ROOT}/Manifest.lock\" > /dev/null\nif [ $? != 0 ] ; then\n    # print error to STDERR\n    echo \"error: The sandbox is not in sync with the Podfile.lock. Run 'pod install' or update your CocoaPods installation.\" >&2\n    exit 1\nfi\n# This output is used by Xcode 'outputs' to avoid re-running this script phase.\necho \"SUCCESS\" > \"${SCRIPT_OUTPUT_FILE_0}\"\n";
			showEnvVarsInLog = 0;
		};
/* End PBXShellScriptBuildPhase section */

/* Begin PBXSourcesBuildPhase section */
		8C689FBA24EBBD0700DC0DE3 /* Sources */ = {
			isa = PBXSourcesBuildPhase;
			buildActionMask = 2147483647;
			files = (
				8C689FC624EBBD0700DC0DE3 /* ViewController.swift in Sources */,
				8C689FC224EBBD0700DC0DE3 /* AppDelegate.swift in Sources */,
				8C689FC424EBBD0700DC0DE3 /* SceneDelegate.swift in Sources */,
			);
			runOnlyForDeploymentPostprocessing = 0;
		};
/* End PBXSourcesBuildPhase section */

/* Begin PBXVariantGroup section */
		8C689FC724EBBD0700DC0DE3 /* Main.storyboard */ = {
			isa = PBXVariantGroup;
			children = (
				8C689FC824EBBD0700DC0DE3 /* Base */,
			);
			name = Main.storyboard;
			sourceTree = "<group>";
		};
		8C689FCC24EBBD0A00DC0DE3 /* LaunchScreen.storyboard */ = {
			isa = PBXVariantGroup;
			children = (
				8C689FCD24EBBD0A00DC0DE3 /* Base */,
			);
			name = LaunchScreen.storyboard;
			sourceTree = "<group>";
		};
/* End PBXVariantGroup section */

/* Begin XCBuildConfiguration section */
		8C689FD024EBBD0A00DC0DE3 /* Debug */ = {
			isa = XCBuildConfiguration;
			buildSettings = {
				ALWAYS_SEARCH_USER_PATHS = NO;
				CLANG_ANALYZER_NONNULL = YES;
				CLANG_ANALYZER_NUMBER_OBJECT_CONVERSION = YES_AGGRESSIVE;
				CLANG_CXX_LANGUAGE_STANDARD = "gnu++14";
				CLANG_CXX_LIBRARY = "libc++";
				CLANG_ENABLE_MODULES = YES;
				CLANG_ENABLE_OBJC_ARC = YES;
				CLANG_ENABLE_OBJC_WEAK = YES;
				CLANG_WARN_BLOCK_CAPTURE_AUTORELEASING = YES;
				CLANG_WARN_BOOL_CONVERSION = YES;
				CLANG_WARN_COMMA = YES;
				CLANG_WARN_CONSTANT_CONVERSION = YES;
				CLANG_WARN_DEPRECATED_OBJC_IMPLEMENTATIONS = YES;
				CLANG_WARN_DIRECT_OBJC_ISA_USAGE = YES_ERROR;
				CLANG_WARN_DOCUMENTATION_COMMENTS = YES;
				CLANG_WARN_EMPTY_BODY = YES;
				CLANG_WARN_ENUM_CONVERSION = YES;
				CLANG_WARN_INFINITE_RECURSION = YES;
				CLANG_WARN_INT_CONVERSION = YES;
				CLANG_WARN_NON_LITERAL_NULL_CONVERSION = YES;
				CLANG_WARN_OBJC_IMPLICIT_RETAIN_SELF = YES;
				CLANG_WARN_OBJC_LITERAL_CONVERSION = YES;
				CLANG_WARN_OBJC_ROOT_CLASS = YES_ERROR;
				CLANG_WARN_RANGE_LOOP_ANALYSIS = YES;
				CLANG_WARN_STRICT_PROTOTYPES = YES;
				CLANG_WARN_SUSPICIOUS_MOVE = YES;
				CLANG_WARN_UNGUARDED_AVAILABILITY = YES_AGGRESSIVE;
				CLANG_WARN_UNREACHABLE_CODE = YES;
				CLANG_WARN__DUPLICATE_METHOD_MATCH = YES;
				COPY_PHASE_STRIP = NO;
				DEBUG_INFORMATION_FORMAT = dwarf;
				ENABLE_STRICT_OBJC_MSGSEND = YES;
				ENABLE_TESTABILITY = YES;
				GCC_C_LANGUAGE_STANDARD = gnu11;
				GCC_DYNAMIC_NO_PIC = NO;
				GCC_NO_COMMON_BLOCKS = YES;
				GCC_OPTIMIZATION_LEVEL = 0;
				GCC_PREPROCESSOR_DEFINITIONS = (
					"DEBUG=1",
					"$(inherited)",
				);
				GCC_WARN_64_TO_32_BIT_CONVERSION = YES;
				GCC_WARN_ABOUT_RETURN_TYPE = YES_ERROR;
				GCC_WARN_UNDECLARED_SELECTOR = YES;
				GCC_WARN_UNINITIALIZED_AUTOS = YES_AGGRESSIVE;
				GCC_WARN_UNUSED_FUNCTION = YES;
				GCC_WARN_UNUSED_VARIABLE = YES;
				IPHONEOS_DEPLOYMENT_TARGET = 13.6;
				MTL_ENABLE_DEBUG_INFO = INCLUDE_SOURCE;
				MTL_FAST_MATH = YES;
				ONLY_ACTIVE_ARCH = YES;
				SDKROOT = iphoneos;
				SWIFT_ACTIVE_COMPILATION_CONDITIONS = DEBUG;
				SWIFT_OPTIMIZATION_LEVEL = "-Onone";
			};
			name = Debug;
		};
		8C689FD124EBBD0A00DC0DE3 /* Release */ = {
			isa = XCBuildConfiguration;
			buildSettings = {
				ALWAYS_SEARCH_USER_PATHS = NO;
				CLANG_ANALYZER_NONNULL = YES;
				CLANG_ANALYZER_NUMBER_OBJECT_CONVERSION = YES_AGGRESSIVE;
				CLANG_CXX_LANGUAGE_STANDARD = "gnu++14";
				CLANG_CXX_LIBRARY = "libc++";
				CLANG_ENABLE_MODULES = YES;
				CLANG_ENABLE_OBJC_ARC = YES;
				CLANG_ENABLE_OBJC_WEAK = YES;
				CLANG_WARN_BLOCK_CAPTURE_AUTORELEASING = YES;
				CLANG_WARN_BOOL_CONVERSION = YES;
				CLANG_WARN_COMMA = YES;
				CLANG_WARN_CONSTANT_CONVERSION = YES;
				CLANG_WARN_DEPRECATED_OBJC_IMPLEMENTATIONS = YES;
				CLANG_WARN_DIRECT_OBJC_ISA_USAGE = YES_ERROR;
				CLANG_WARN_DOCUMENTATION_COMMENTS = YES;
				CLANG_WARN_EMPTY_BODY = YES;
				CLANG_WARN_ENUM_CONVERSION = YES;
				CLANG_WARN_INFINITE_RECURSION = YES;
				CLANG_WARN_INT_CONVERSION = YES;
				CLANG_WARN_NON_LITERAL_NULL_CONVERSION = YES;
				CLANG_WARN_OBJC_IMPLICIT_RETAIN_SELF = YES;
				CLANG_WARN_OBJC_LITERAL_CONVERSION = YES;
				CLANG_WARN_OBJC_ROOT_CLASS = YES_ERROR;
				CLANG_WARN_RANGE_LOOP_ANALYSIS = YES;
				CLANG_WARN_STRICT_PROTOTYPES = YES;
				CLANG_WARN_SUSPICIOUS_MOVE = YES;
				CLANG_WARN_UNGUARDED_AVAILABILITY = YES_AGGRESSIVE;
				CLANG_WARN_UNREACHABLE_CODE = YES;
				CLANG_WARN__DUPLICATE_METHOD_MATCH = YES;
				COPY_PHASE_STRIP = NO;
				DEBUG_INFORMATION_FORMAT = "dwarf-with-dsym";
				ENABLE_NS_ASSERTIONS = NO;
				ENABLE_STRICT_OBJC_MSGSEND = YES;
				GCC_C_LANGUAGE_STANDARD = gnu11;
				GCC_NO_COMMON_BLOCKS = YES;
				GCC_WARN_64_TO_32_BIT_CONVERSION = YES;
				GCC_WARN_ABOUT_RETURN_TYPE = YES_ERROR;
				GCC_WARN_UNDECLARED_SELECTOR = YES;
				GCC_WARN_UNINITIALIZED_AUTOS = YES_AGGRESSIVE;
				GCC_WARN_UNUSED_FUNCTION = YES;
				GCC_WARN_UNUSED_VARIABLE = YES;
				IPHONEOS_DEPLOYMENT_TARGET = 13.6;
				MTL_ENABLE_DEBUG_INFO = NO;
				MTL_FAST_MATH = YES;
				SDKROOT = iphoneos;
				SWIFT_COMPILATION_MODE = wholemodule;
				SWIFT_OPTIMIZATION_LEVEL = "-O";
				VALIDATE_PRODUCT = YES;
			};
			name = Release;
		};
		8C689FD324EBBD0A00DC0DE3 /* Debug */ = {
			isa = XCBuildConfiguration;
			baseConfigurationReference = A79BE6F0E99347DA6754FB3C /* Pods-PSColumn.debug.xcconfig */;
			buildSettings = {
				ASSETCATALOG_COMPILER_APPICON_NAME = AppIcon;
				CODE_SIGN_STYLE = Automatic;
				DEVELOPMENT_TEAM = MN9MCR42HZ;
				INFOPLIST_FILE = PSColumn/Info.plist;
				LD_RUNPATH_SEARCH_PATHS = (
					"$(inherited)",
					"@executable_path/Frameworks",
				);
				PRODUCT_BUNDLE_IDENTIFIER = swx.PSColumn;
				PRODUCT_NAME = "$(TARGET_NAME)";
				SWIFT_VERSION = 5.0;
				TARGETED_DEVICE_FAMILY = "1,2";
			};
			name = Debug;
		};
		8C689FD424EBBD0A00DC0DE3 /* Release */ = {
			isa = XCBuildConfiguration;
			baseConfigurationReference = 1601A309BF588BF34311B37C /* Pods-PSColumn.release.xcconfig */;
			buildSettings = {
				ASSETCATALOG_COMPILER_APPICON_NAME = AppIcon;
				CODE_SIGN_STYLE = Automatic;
				DEVELOPMENT_TEAM = MN9MCR42HZ;
				INFOPLIST_FILE = PSColumn/Info.plist;
				LD_RUNPATH_SEARCH_PATHS = (
					"$(inherited)",
					"@executable_path/Frameworks",
				);
				PRODUCT_BUNDLE_IDENTIFIER = swx.PSColumn;
				PRODUCT_NAME = "$(TARGET_NAME)";
				SWIFT_VERSION = 5.0;
				TARGETED_DEVICE_FAMILY = "1,2";
			};
			name = Release;
		};
/* End XCBuildConfiguration section */

/* Begin XCConfigurationList section */
		8C689FB924EBBD0700DC0DE3 /* Build configuration list for PBXProject "PSColumn" */ = {
			isa = XCConfigurationList;
			buildConfigurations = (
				8C689FD024EBBD0A00DC0DE3 /* Debug */,
				8C689FD124EBBD0A00DC0DE3 /* Release */,
			);
			defaultConfigurationIsVisible = 0;
			defaultConfigurationName = Release;
		};
		8C689FD224EBBD0A00DC0DE3 /* Build configuration list for PBXNativeTarget "PSColumn" */ = {
			isa = XCConfigurationList;
			buildConfigurations = (
				8C689FD324EBBD0A00DC0DE3 /* Debug */,
				8C689FD424EBBD0A00DC0DE3 /* Release */,
			);
			defaultConfigurationIsVisible = 0;
			defaultConfigurationName = Release;
		};
/* End XCConfigurationList section */
	};
	rootObject = 8C689FB624EBBD0700DC0DE3 /* Project object */;
}
